Microsoft Visual Studio Solution File, Format Version 12.00
# Visual Studio Version 17
VisualStudioVersion = 17.5.2.0
MinimumVisualStudioVersion = 10.0.40219.1
Project("{FAE04EC0-301F-11D3-BF4B-00C04F79EFBC}") = "ChaosNet", "ChatServer\ChaosNet.csproj", "{18D9578F-093F-13DC-1893-AA625DC87E61}"
EndProject
Project("{FAE04EC0-301F-11D3-BF4B-00C04F79EFBC}") = "ChatUser", "ChatUser\ChatUser.csproj", "{15B4840B-35AB-3826-132F-A02E5ED13FA2}"
EndProject
Global
	GlobalSection(SolutionConfigurationPlatforms) = preSolution
		Debug|Any CPU = Debug|Any CPU
		Release|Any CPU = Release|Any CPU
	EndGlobalSection
	GlobalSection(ProjectConfigurationPlatforms) = postSolution
		{18D9578F-093F-13DC-1893-AA625DC87E61}.Debug|Any CPU.ActiveCfg = Debug|Any CPU
		{18D9578F-093F-13DC-1893-AA625DC87E61}.Debug|Any CPU.Build.0 = Debug|Any CPU
		{18D9578F-093F-13DC-1893-AA625DC87E61}.Release|Any CPU.ActiveCfg = Release|Any CPU
		{18D9578F-093F-13DC-1893-AA625DC87E61}.Release|Any CPU.Build.0 = Release|Any CPU
		{15B4840B-35AB-3826-132F-A02E5ED13FA2}.Debug|Any CPU.ActiveCfg = Debug|Any CPU
		{15B4840B-35AB-3826-132F-A02E5ED13FA2}.Debug|Any CPU.Build.0 = Debug|Any CPU
		{15B4840B-35AB-3826-132F-A02E5ED13FA2}.Release|Any CPU.ActiveCfg = Release|Any CPU
		{15B4840B-35AB-3826-132F-A02E5ED13FA2}.Release|Any CPU.Build.0 = Release|Any CPU
	EndGlobalSection
	GlobalSection(SolutionProperties) = preSolution
		HideSolutionNode = FALSE
	EndGlobalSection
	GlobalSection(ExtensibilityGlobals) = postSolution
		SolutionGuid = {C795A3EF-1831-437D-A023-D88A39097D0A}
	EndGlobalSection
EndGlobal
